// !$*UTF8*$!
{
	archiveVersion = 1;
	classes = {
	};
	objectVersion = 55;
	objects = {

/* Begin PBXBuildFile section */
		4E2DE83829938D4400180067 /* CleverTapCIDemoTests.swift in Sources */ = {isa = PBXBuildFile; fileRef = 4E2DE83729938D4400180067 /* CleverTapCIDemoTests.swift */; };
		4E980AB9297E543B0029C496 /* AppDelegate.swift in Sources */ = {isa = PBXBuildFile; fileRef = 4E980AB8297E543B0029C496 /* AppDelegate.swift */; };
		4E980ABB297E543B0029C496 /* SceneDelegate.swift in Sources */ = {isa = PBXBuildFile; fileRef = 4E980ABA297E543B0029C496 /* SceneDelegate.swift */; };
		4E980ABD297E543B0029C496 /* ViewController.swift in Sources */ = {isa = PBXBuildFile; fileRef = 4E980ABC297E543B0029C496 /* ViewController.swift */; };
		4E980AC0297E543B0029C496 /* Main.storyboard in Resources */ = {isa = PBXBuildFile; fileRef = 4E980ABE297E543B0029C496 /* Main.storyboard */; };
		4E980AC2297E543C0029C496 /* Assets.xcassets in Resources */ = {isa = PBXBuildFile; fileRef = 4E980AC1297E543C0029C496 /* Assets.xcassets */; };
		4E980AC5297E543C0029C496 /* LaunchScreen.storyboard in Resources */ = {isa = PBXBuildFile; fileRef = 4E980AC3297E543C0029C496 /* LaunchScreen.storyboard */; };
		9C3060CF453012CAAA02D931 /* Pods_CleverTapCIDemoTests.framework in Frameworks */ = {isa = PBXBuildFile; fileRef = C365F8810986BE62768741B0 /* Pods_CleverTapCIDemoTests.framework */; };
		E9AFDE55780AFC183E594ACA /* Pods_CleverTapCIDemo.framework in Frameworks */ = {isa = PBXBuildFile; fileRef = 557B618D1E703C72BD7087ED /* Pods_CleverTapCIDemo.framework */; };
/* End PBXBuildFile section */

/* Begin PBXContainerItemProxy section */
		4E2DE83929938D4400180067 /* PBXContainerItemProxy */ = {
			isa = PBXContainerItemProxy;
			containerPortal = 4E980AAD297E543B0029C496 /* Project object */;
			proxyType = 1;
			remoteGlobalIDString = 4E980AB4297E543B0029C496;
			remoteInfo = CleverTapCIDemo;
		};
/* End PBXContainerItemProxy section */

/* Begin PBXFileReference section */
		07E171744A254E4AEEEF0715 /* Pods-CleverTapCIDemo.debug.xcconfig */ = {isa = PBXFileReference; includeInIndex = 1; lastKnownFileType = text.xcconfig; name = "Pods-CleverTapCIDemo.debug.xcconfig"; path = "Target Support Files/Pods-CleverTapCIDemo/Pods-CleverTapCIDemo.debug.xcconfig"; sourceTree = "<group>"; };
		4E2DE83529938D4400180067 /* CleverTapCIDemoTests.xctest */ = {isa = PBXFileReference; explicitFileType = wrapper.cfbundle; includeInIndex = 0; path = CleverTapCIDemoTests.xctest; sourceTree = BUILT_PRODUCTS_DIR; };
		4E2DE83729938D4400180067 /* CleverTapCIDemoTests.swift */ = {isa = PBXFileReference; lastKnownFileType = sourcecode.swift; path = CleverTapCIDemoTests.swift; sourceTree = "<group>"; };
		4E980AB5297E543B0029C496 /* CleverTapCIDemo.app */ = {isa = PBXFileReference; explicitFileType = wrapper.application; includeInIndex = 0; path = CleverTapCIDemo.app; sourceTree = BUILT_PRODUCTS_DIR; };
		4E980AB8297E543B0029C496 /* AppDelegate.swift */ = {isa = PBXFileReference; lastKnownFileType = sourcecode.swift; path = AppDelegate.swift; sourceTree = "<group>"; };
		4E980ABA297E543B0029C496 /* SceneDelegate.swift */ = {isa = PBXFileReference; lastKnownFileType = sourcecode.swift; path = SceneDelegate.swift; sourceTree = "<group>"; };
		4E980ABC297E543B0029C496 /* ViewController.swift */ = {isa = PBXFileReference; lastKnownFileType = sourcecode.swift; path = ViewController.swift; sourceTree = "<group>"; };
		4E980ABF297E543B0029C496 /* Base */ = {isa = PBXFileReference; lastKnownFileType = file.storyboard; name = Base; path = Base.lproj/Main.storyboard; sourceTree = "<group>"; };
		4E980AC1297E543C0029C496 /* Assets.xcassets */ = {isa = PBXFileReference; lastKnownFileType = folder.assetcatalog; path = Assets.xcassets; sourceTree = "<group>"; };
		4E980AC4297E543C0029C496 /* Base */ = {isa = PBXFileReference; lastKnownFileType = file.storyboard; name = Base; path = Base.lproj/LaunchScreen.storyboard; sourceTree = "<group>"; };
		4E980AC6297E543C0029C496 /* Info.plist */ = {isa = PBXFileReference; lastKnownFileType = text.plist.xml; path = Info.plist; sourceTree = "<group>"; };
		557B618D1E703C72BD7087ED /* Pods_CleverTapCIDemo.framework */ = {isa = PBXFileReference; explicitFileType = wrapper.framework; includeInIndex = 0; path = Pods_CleverTapCIDemo.framework; sourceTree = BUILT_PRODUCTS_DIR; };
		722E557C815F8217F94CAAB1 /* Pods-CleverTapCIDemoTests.debug.xcconfig */ = {isa = PBXFileReference; includeInIndex = 1; lastKnownFileType = text.xcconfig; name = "Pods-CleverTapCIDemoTests.debug.xcconfig"; path = "Target Support Files/Pods-CleverTapCIDemoTests/Pods-CleverTapCIDemoTests.debug.xcconfig"; sourceTree = "<group>"; };
		C365F8810986BE62768741B0 /* Pods_CleverTapCIDemoTests.framework */ = {isa = PBXFileReference; explicitFileType = wrapper.framework; includeInIndex = 0; path = Pods_CleverTapCIDemoTests.framework; sourceTree = BUILT_PRODUCTS_DIR; };
		F5CF637177185F2F5339481C /* Pods-CleverTapCIDemoTests.release.xcconfig */ = {isa = PBXFileReference; includeInIndex = 1; lastKnownFileType = text.xcconfig; name = "Pods-CleverTapCIDemoTests.release.xcconfig"; path = "Target Support Files/Pods-CleverTapCIDemoTests/Pods-CleverTapCIDemoTests.release.xcconfig"; sourceTree = "<group>"; };
		F8F1EC33CA0000EBAC9EF740 /* Pods-CleverTapCIDemo.release.xcconfig */ = {isa = PBXFileReference; includeInIndex = 1; lastKnownFileType = text.xcconfig; name = "Pods-CleverTapCIDemo.release.xcconfig"; path = "Target Support Files/Pods-CleverTapCIDemo/Pods-CleverTapCIDemo.release.xcconfig"; sourceTree = "<group>"; };
/* End PBXFileReference section */

/* Begin PBXFrameworksBuildPhase section */
		4E2DE83229938D4400180067 /* Frameworks */ = {
			isa = PBXFrameworksBuildPhase;
			buildActionMask = 2147483647;
			files = (
				9C3060CF453012CAAA02D931 /* Pods_CleverTapCIDemoTests.framework in Frameworks */,
			);
			runOnlyForDeploymentPostprocessing = 0;
		};
		4E980AB2297E543B0029C496 /* Frameworks */ = {
			isa = PBXFrameworksBuildPhase;
			buildActionMask = 2147483647;
			files = (
				E9AFDE55780AFC183E594ACA /* Pods_CleverTapCIDemo.framework in Frameworks */,
			);
			runOnlyForDeploymentPostprocessing = 0;
		};
/* End PBXFrameworksBuildPhase section */

/* Begin PBXGroup section */
		12CB61022B1583FF9AFE5FAA /* Frameworks */ = {
			isa = PBXGroup;
			children = (
				557B618D1E703C72BD7087ED /* Pods_CleverTapCIDemo.framework */,
				C365F8810986BE62768741B0 /* Pods_CleverTapCIDemoTests.framework */,
			);
			name = Frameworks;
			sourceTree = "<group>";
		};
		4E2DE83629938D4400180067 /* CleverTapCIDemoTests */ = {
			isa = PBXGroup;
			children = (
				4E2DE83729938D4400180067 /* CleverTapCIDemoTests.swift */,
			);
			path = CleverTapCIDemoTests;
			sourceTree = "<group>";
		};
		4E980AAC297E543B0029C496 = {
			isa = PBXGroup;
			children = (
				4E980AB7297E543B0029C496 /* CleverTapCIDemo */,
				4E2DE83629938D4400180067 /* CleverTapCIDemoTests */,
				4E980AB6297E543B0029C496 /* Products */,
				63730E8B0CE2EBF2BC1540AA /* Pods */,
				12CB61022B1583FF9AFE5FAA /* Frameworks */,
			);
			sourceTree = "<group>";
		};
		4E980AB6297E543B0029C496 /* Products */ = {
			isa = PBXGroup;
			children = (
				4E980AB5297E543B0029C496 /* CleverTapCIDemo.app */,
				4E2DE83529938D4400180067 /* CleverTapCIDemoTests.xctest */,
			);
			name = Products;
			sourceTree = "<group>";
		};
		4E980AB7297E543B0029C496 /* CleverTapCIDemo */ = {
			isa = PBXGroup;
			children = (
				4E980AB8297E543B0029C496 /* AppDelegate.swift */,
				4E980ABA297E543B0029C496 /* SceneDelegate.swift */,
				4E980ABC297E543B0029C496 /* ViewController.swift */,
				4E980ABE297E543B0029C496 /* Main.storyboard */,
				4E980AC1297E543C0029C496 /* Assets.xcassets */,
				4E980AC3297E543C0029C496 /* LaunchScreen.storyboard */,
				4E980AC6297E543C0029C496 /* Info.plist */,
			);
			path = CleverTapCIDemo;
			sourceTree = "<group>";
		};
		63730E8B0CE2EBF2BC1540AA /* Pods */ = {
			isa = PBXGroup;
			children = (
				07E171744A254E4AEEEF0715 /* Pods-CleverTapCIDemo.debug.xcconfig */,
				F8F1EC33CA0000EBAC9EF740 /* Pods-CleverTapCIDemo.release.xcconfig */,
				722E557C815F8217F94CAAB1 /* Pods-CleverTapCIDemoTests.debug.xcconfig */,
				F5CF637177185F2F5339481C /* Pods-CleverTapCIDemoTests.release.xcconfig */,
			);
			path = Pods;
			sourceTree = "<group>";
		};
/* End PBXGroup section */

/* Begin PBXNativeTarget section */
		4E2DE83429938D4400180067 /* CleverTapCIDemoTests */ = {
			isa = PBXNativeTarget;
			buildConfigurationList = 4E2DE83D29938D4400180067 /* Build configuration list for PBXNativeTarget "CleverTapCIDemoTests" */;
			buildPhases = (
				0FDCAC9DCB40E71E6BADC6F0 /* [CP] Check Pods Manifest.lock */,
				4E2DE83129938D4400180067 /* Sources */,
				4E2DE83229938D4400180067 /* Frameworks */,
				4E2DE83329938D4400180067 /* Resources */,
				830DFD958AD899448F0DFA90 /* [CP] Embed Pods Frameworks */,
			);
			buildRules = (
			);
			dependencies = (
				4E2DE83A29938D4400180067 /* PBXTargetDependency */,
			);
			name = CleverTapCIDemoTests;
			productName = CleverTapCIDemoTests;
			productReference = 4E2DE83529938D4400180067 /* CleverTapCIDemoTests.xctest */;
			productType = "com.apple.product-type.bundle.unit-test";
		};
		4E980AB4297E543B0029C496 /* CleverTapCIDemo */ = {
			isa = PBXNativeTarget;
			buildConfigurationList = 4E980AC9297E543C0029C496 /* Build configuration list for PBXNativeTarget "CleverTapCIDemo" */;
			buildPhases = (
				3A5AF4E5E7942EC5109DD36D /* [CP] Check Pods Manifest.lock */,
				4E980AB1297E543B0029C496 /* Sources */,
				4E980AB2297E543B0029C496 /* Frameworks */,
				4E980AB3297E543B0029C496 /* Resources */,
				19AA8E5FA60E7B08B7875B8D /* [CP] Embed Pods Frameworks */,
			);
			buildRules = (
			);
			dependencies = (
			);
			name = CleverTapCIDemo;
			productName = CleverTapCIDemo;
			productReference = 4E980AB5297E543B0029C496 /* CleverTapCIDemo.app */;
			productType = "com.apple.product-type.application";
		};
/* End PBXNativeTarget section */

/* Begin PBXProject section */
		4E980AAD297E543B0029C496 /* Project object */ = {
			isa = PBXProject;
			attributes = {
				BuildIndependentTargetsInParallel = 1;
				LastSwiftUpdateCheck = 1320;
				LastUpgradeCheck = 1320;
				TargetAttributes = {
					4E2DE83429938D4400180067 = {
						CreatedOnToolsVersion = 13.2.1;
						TestTargetID = 4E980AB4297E543B0029C496;
					};
					4E980AB4297E543B0029C496 = {
						CreatedOnToolsVersion = 13.2.1;
					};
				};
			};
			buildConfigurationList = 4E980AB0297E543B0029C496 /* Build configuration list for PBXProject "CleverTapCIDemo" */;
			compatibilityVersion = "Xcode 13.0";
			developmentRegion = en;
			hasScannedForEncodings = 0;
			knownRegions = (
				en,
				Base,
			);
			mainGroup = 4E980AAC297E543B0029C496;
			productRefGroup = 4E980AB6297E543B0029C496 /* Products */;
			projectDirPath = "";
			projectRoot = "";
			targets = (
				4E980AB4297E543B0029C496 /* CleverTapCIDemo */,
				4E2DE83429938D4400180067 /* CleverTapCIDemoTests */,
			);
		};
/* End PBXProject section */

/* Begin PBXResourcesBuildPhase section */
		4E2DE83329938D4400180067 /* Resources */ = {
			isa = PBXResourcesBuildPhase;
			buildActionMask = 2147483647;
			files = (
			);
			runOnlyForDeploymentPostprocessing = 0;
		};
		4E980AB3297E543B0029C496 /* Resources */ = {
			isa = PBXResourcesBuildPhase;
			buildActionMask = 2147483647;
			files = (
				4E980AC5297E543C0029C496 /* LaunchScreen.storyboard in Resources */,
				4E980AC2297E543C0029C496 /* Assets.xcassets in Resources */,
				4E980AC0297E543B0029C496 /* Main.storyboard in Resources */,
			);
			runOnlyForDeploymentPostprocessing = 0;
		};
/* End PBXResourcesBuildPhase section */

/* Begin PBXShellScriptBuildPhase section */
		0FDCAC9DCB40E71E6BADC6F0 /* [CP] Check Pods Manifest.lock */ = {
			isa = PBXShellScriptBuildPhase;
			buildActionMask = 2147483647;
			files = (
			);
			inputFileListPaths = (
			);
			inputPaths = (
				"${PODS_PODFILE_DIR_PATH}/Podfile.lock",
				"${PODS_ROOT}/Manifest.lock",
			);
			name = "[CP] Check Pods Manifest.lock";
			outputFileListPaths = (
			);
			outputPaths = (
				"$(DERIVED_FILE_DIR)/Pods-CleverTapCIDemoTests-checkManifestLockResult.txt",
			);
			runOnlyForDeploymentPostprocessing = 0;
			shellPath = /bin/sh;
			shellScript = "diff \"${PODS_PODFILE_DIR_PATH}/Podfile.lock\" \"${PODS_ROOT}/Manifest.lock\" > /dev/null\nif [ $? != 0 ] ; then\n    # print error to STDERR\n    echo \"error: The sandbox is not in sync with the Podfile.lock. Run 'pod install' or update your CocoaPods installation.\" >&2\n    exit 1\nfi\n# This output is used by Xcode 'outputs' to avoid re-running this script phase.\necho \"SUCCESS\" > \"${SCRIPT_OUTPUT_FILE_0}\"\n";
			showEnvVarsInLog = 0;
		};
		19AA8E5FA60E7B08B7875B8D /* [CP] Embed Pods Frameworks */ = {
			isa = PBXShellScriptBuildPhase;
			buildActionMask = 2147483647;
			files = (
			);
			inputFileListPaths = (
				"${PODS_ROOT}/Target Support Files/Pods-CleverTapCIDemo/Pods-CleverTapCIDemo-frameworks-${CONFIGURATION}-input-files.xcfilelist",
			);
			name = "[CP] Embed Pods Frameworks";
			outputFileListPaths = (
				"${PODS_ROOT}/Target Support Files/Pods-CleverTapCIDemo/Pods-CleverTapCIDemo-frameworks-${CONFIGURATION}-output-files.xcfilelist",
			);
			runOnlyForDeploymentPostprocessing = 0;
			shellPath = /bin/sh;
			shellScript = "\"${PODS_ROOT}/Target Support Files/Pods-CleverTapCIDemo/Pods-CleverTapCIDemo-frameworks.sh\"\n";
			showEnvVarsInLog = 0;
		};
		3A5AF4E5E7942EC5109DD36D /* [CP] Check Pods Manifest.lock */ = {
			isa = PBXShellScriptBuildPhase;
			buildActionMask = 2147483647;
			files = (
			);
			inputFileListPaths = (
			);
			inputPaths = (
				"${PODS_PODFILE_DIR_PATH}/Podfile.lock",
				"${PODS_ROOT}/Manifest.lock",
			);
			name = "[CP] Check Pods Manifest.lock";
			outputFileListPaths = (
			);
			outputPaths = (
				"$(DERIVED_FILE_DIR)/Pods-CleverTapCIDemo-checkManifestLockResult.txt",
			);
			runOnlyForDeploymentPostprocessing = 0;
			shellPath = /bin/sh;
			shellScript = "diff \"${PODS_PODFILE_DIR_PATH}/Podfile.lock\" \"${PODS_ROOT}/Manifest.lock\" > /dev/null\nif [ $? != 0 ] ; then\n    # print error to STDERR\n    echo \"error: The sandbox is not in sync with the Podfile.lock. Run 'pod install' or update your CocoaPods installation.\" >&2\n    exit 1\nfi\n# This output is used by Xcode 'outputs' to avoid re-running this script phase.\necho \"SUCCESS\" > \"${SCRIPT_OUTPUT_FILE_0}\"\n";
			showEnvVarsInLog = 0;
		};
		830DFD958AD899448F0DFA90 /* [CP] Embed Pods Frameworks */ = {
			isa = PBXShellScriptBuildPhase;
			buildActionMask = 2147483647;
			files = (
			);
			inputFileListPaths = (
				"${PODS_ROOT}/Target Support Files/Pods-CleverTapCIDemoTests/Pods-CleverTapCIDemoTests-frameworks-${CONFIGURATION}-input-files.xcfilelist",
			);
			name = "[CP] Embed Pods Frameworks";
			outputFileListPaths = (
				"${PODS_ROOT}/Target Support Files/Pods-CleverTapCIDemoTests/Pods-CleverTapCIDemoTests-frameworks-${CONFIGURATION}-output-files.xcfilelist",
			);
			runOnlyForDeploymentPostprocessing = 0;
			shellPath = /bin/sh;
			shellScript = "\"${PODS_ROOT}/Target Support Files/Pods-CleverTapCIDemoTests/Pods-CleverTapCIDemoTests-frameworks.sh\"\n";
			showEnvVarsInLog = 0;
		};
/* End PBXShellScriptBuildPhase section */

/* Begin PBXSourcesBuildPhase section */
		4E2DE83129938D4400180067 /* Sources */ = {
			isa = PBXSourcesBuildPhase;
			buildActionMask = 2147483647;
			files = (
				4E2DE83829938D4400180067 /* CleverTapCIDemoTests.swift in Sources */,
			);
			runOnlyForDeploymentPostprocessing = 0;
		};
		4E980AB1297E543B0029C496 /* Sources */ = {
			isa = PBXSourcesBuildPhase;
			buildActionMask = 2147483647;
			files = (
				4E980ABD297E543B0029C496 /* ViewController.swift in Sources */,
				4E980AB9297E543B0029C496 /* AppDelegate.swift in Sources */,
				4E980ABB297E543B0029C496 /* SceneDelegate.swift in Sources */,
			);
			runOnlyForDeploymentPostprocessing = 0;
		};
/* End PBXSourcesBuildPhase section */

/* Begin PBXTargetDependency section */
		4E2DE83A29938D4400180067 /* PBXTargetDependency */ = {
			isa = PBXTargetDependency;
			target = 4E980AB4297E543B0029C496 /* CleverTapCIDemo */;
			targetProxy = 4E2DE83929938D4400180067 /* PBXContainerItemProxy */;
		};
/* End PBXTargetDependency section */

/* Begin PBXVariantGroup section */
		4E980ABE297E543B0029C496 /* Main.storyboard */ = {
			isa = PBXVariantGroup;
			children = (
				4E980ABF297E543B0029C496 /* Base */,
			);
			name = Main.storyboard;
			sourceTree = "<group>";
		};
		4E980AC3297E543C0029C496 /* LaunchScreen.storyboard */ = {
			isa = PBXVariantGroup;
			children = (
				4E980AC4297E543C0029C496 /* Base */,
			);
			name = LaunchScreen.storyboard;
			sourceTree = "<group>";
		};
/* End PBXVariantGroup section */

/* Begin XCBuildConfiguration section */
		4E2DE83B29938D4400180067 /* Debug */ = {
			isa = XCBuildConfiguration;
			baseConfigurationReference = 722E557C815F8217F94CAAB1 /* Pods-CleverTapCIDemoTests.debug.xcconfig */;
			buildSettings = {
				BUNDLE_LOADER = "$(TEST_HOST)";
				CODE_SIGN_STYLE = Automatic;
				CURRENT_PROJECT_VERSION = 1;
				DEVELOPMENT_TEAM = A5J34NR598;
				GENERATE_INFOPLIST_FILE = YES;
				MARKETING_VERSION = 1.0;
				PRODUCT_BUNDLE_IDENTIFIER = com.clevertap.CleverTapCIDemoTests;
				PRODUCT_NAME = "$(TARGET_NAME)";
				SWIFT_EMIT_LOC_STRINGS = NO;
				SWIFT_VERSION = 5.0;
				TARGETED_DEVICE_FAMILY = "1,2";
				TEST_HOST = "$(BUILT_PRODUCTS_DIR)/CleverTapCIDemo.app/CleverTapCIDemo";
			};
			name = Debug;
		};
		4E2DE83C29938D4400180067 /* Release */ = {
			isa = XCBuildConfiguration;
			baseConfigurationReference = F5CF637177185F2F5339481C /* Pods-CleverTapCIDemoTests.release.xcconfig */;
			buildSettings = {
				BUNDLE_LOADER = "$(TEST_HOST)";
				CODE_SIGN_STYLE = Automatic;
				CURRENT_PROJECT_VERSION = 1;
				DEVELOPMENT_TEAM = A5J34NR598;
				GENERATE_INFOPLIST_FILE = YES;
				MARKETING_VERSION = 1.0;
				PRODUCT_BUNDLE_IDENTIFIER = com.clevertap.CleverTapCIDemoTests;
				PRODUCT_NAME = "$(TARGET_NAME)";
				SWIFT_EMIT_LOC_STRINGS = NO;
				SWIFT_VERSION = 5.0;
				TARGETED_DEVICE_FAMILY = "1,2";
				TEST_HOST = "$(BUILT_PRODUCTS_DIR)/CleverTapCIDemo.app/CleverTapCIDemo";
			};
			name = Release;
		};
		4E980AC7297E543C0029C496 /* Debug */ = {
			isa = XCBuildConfiguration;
			buildSettings = {
				ALWAYS_SEARCH_USER_PATHS = NO;
				CLANG_ANALYZER_NONNULL = YES;
				CLANG_ANALYZER_NUMBER_OBJECT_CONVERSION = YES_AGGRESSIVE;
				CLANG_CXX_LANGUAGE_STANDARD = "gnu++17";
				CLANG_CXX_LIBRARY = "libc++";
				CLANG_ENABLE_MODULES = YES;
				CLANG_ENABLE_OBJC_ARC = YES;
				CLANG_ENABLE_OBJC_WEAK = YES;
				CLANG_WARN_BLOCK_CAPTURE_AUTORELEASING = YES;
				CLANG_WARN_BOOL_CONVERSION = YES;
				CLANG_WARN_COMMA = YES;
				CLANG_WARN_CONSTANT_CONVERSION = YES;
				CLANG_WARN_DEPRECATED_OBJC_IMPLEMENTATIONS = YES;
				CLANG_WARN_DIRECT_OBJC_ISA_USAGE = YES_ERROR;
				CLANG_WARN_DOCUMENTATION_COMMENTS = YES;
				CLANG_WARN_EMPTY_BODY = YES;
				CLANG_WARN_ENUM_CONVERSION = YES;
				CLANG_WARN_INFINITE_RECURSION = YES;
				CLANG_WARN_INT_CONVERSION = YES;
				CLANG_WARN_NON_LITERAL_NULL_CONVERSION = YES;
				CLANG_WARN_OBJC_IMPLICIT_RETAIN_SELF = YES;
				CLANG_WARN_OBJC_LITERAL_CONVERSION = YES;
				CLANG_WARN_OBJC_ROOT_CLASS = YES_ERROR;
				CLANG_WARN_QUOTED_INCLUDE_IN_FRAMEWORK_HEADER = YES;
				CLANG_WARN_RANGE_LOOP_ANALYSIS = YES;
				CLANG_WARN_STRICT_PROTOTYPES = YES;
				CLANG_WARN_SUSPICIOUS_MOVE = YES;
				CLANG_WARN_UNGUARDED_AVAILABILITY = YES_AGGRESSIVE;
				CLANG_WARN_UNREACHABLE_CODE = YES;
				CLANG_WARN__DUPLICATE_METHOD_MATCH = YES;
				COPY_PHASE_STRIP = NO;
				DEBUG_INFORMATION_FORMAT = dwarf;
				ENABLE_STRICT_OBJC_MSGSEND = YES;
				ENABLE_TESTABILITY = YES;
				GCC_C_LANGUAGE_STANDARD = gnu11;
				GCC_DYNAMIC_NO_PIC = NO;
				GCC_NO_COMMON_BLOCKS = YES;
				GCC_OPTIMIZATION_LEVEL = 0;
				GCC_PREPROCESSOR_DEFINITIONS = (
					"DEBUG=1",
					"$(inherited)",
				);
				GCC_WARN_64_TO_32_BIT_CONVERSION = YES;
				GCC_WARN_ABOUT_RETURN_TYPE = YES_ERROR;
				GCC_WARN_UNDECLARED_SELECTOR = YES;
				GCC_WARN_UNINITIALIZED_AUTOS = YES_AGGRESSIVE;
				GCC_WARN_UNUSED_FUNCTION = YES;
				GCC_WARN_UNUSED_VARIABLE = YES;
				IPHONEOS_DEPLOYMENT_TARGET = 15.2;
				MTL_ENABLE_DEBUG_INFO = INCLUDE_SOURCE;
				MTL_FAST_MATH = YES;
				ONLY_ACTIVE_ARCH = YES;
				SDKROOT = iphoneos;
				SWIFT_ACTIVE_COMPILATION_CONDITIONS = DEBUG;
				SWIFT_OPTIMIZATION_LEVEL = "-Onone";
			};
			name = Debug;
		};
		4E980AC8297E543C0029C496 /* Release */ = {
			isa = XCBuildConfiguration;
			buildSettings = {
				ALWAYS_SEARCH_USER_PATHS = NO;
				CLANG_ANALYZER_NONNULL = YES;
				CLANG_ANALYZER_NUMBER_OBJECT_CONVERSION = YES_AGGRESSIVE;
				CLANG_CXX_LANGUAGE_STANDARD = "gnu++17";
				CLANG_CXX_LIBRARY = "libc++";
				CLANG_ENABLE_MODULES = YES;
				CLANG_ENABLE_OBJC_ARC = YES;
				CLANG_ENABLE_OBJC_WEAK = YES;
				CLANG_WARN_BLOCK_CAPTURE_AUTORELEASING = YES;
				CLANG_WARN_BOOL_CONVERSION = YES;
				CLANG_WARN_COMMA = YES;
				CLANG_WARN_CONSTANT_CONVERSION = YES;
				CLANG_WARN_DEPRECATED_OBJC_IMPLEMENTATIONS = YES;
				CLANG_WARN_DIRECT_OBJC_ISA_USAGE = YES_ERROR;
				CLANG_WARN_DOCUMENTATION_COMMENTS = YES;
				CLANG_WARN_EMPTY_BODY = YES;
				CLANG_WARN_ENUM_CONVERSION = YES;
				CLANG_WARN_INFINITE_RECURSION = YES;
				CLANG_WARN_INT_CONVERSION = YES;
				CLANG_WARN_NON_LITERAL_NULL_CONVERSION = YES;
				CLANG_WARN_OBJC_IMPLICIT_RETAIN_SELF = YES;
				CLANG_WARN_OBJC_LITERAL_CONVERSION = YES;
				CLANG_WARN_OBJC_ROOT_CLASS = YES_ERROR;
				CLANG_WARN_QUOTED_INCLUDE_IN_FRAMEWORK_HEADER = YES;
				CLANG_WARN_RANGE_LOOP_ANALYSIS = YES;
				CLANG_WARN_STRICT_PROTOTYPES = YES;
				CLANG_WARN_SUSPICIOUS_MOVE = YES;
				CLANG_WARN_UNGUARDED_AVAILABILITY = YES_AGGRESSIVE;
				CLANG_WARN_UNREACHABLE_CODE = YES;
				CLANG_WARN__DUPLICATE_METHOD_MATCH = YES;
				COPY_PHASE_STRIP = NO;
				DEBUG_INFORMATION_FORMAT = "dwarf-with-dsym";
				ENABLE_NS_ASSERTIONS = NO;
				ENABLE_STRICT_OBJC_MSGSEND = YES;
				GCC_C_LANGUAGE_STANDARD = gnu11;
				GCC_NO_COMMON_BLOCKS = YES;
				GCC_WARN_64_TO_32_BIT_CONVERSION = YES;
				GCC_WARN_ABOUT_RETURN_TYPE = YES_ERROR;
				GCC_WARN_UNDECLARED_SELECTOR = YES;
				GCC_WARN_UNINITIALIZED_AUTOS = YES_AGGRESSIVE;
				GCC_WARN_UNUSED_FUNCTION = YES;
				GCC_WARN_UNUSED_VARIABLE = YES;
				IPHONEOS_DEPLOYMENT_TARGET = 15.2;
				MTL_ENABLE_DEBUG_INFO = NO;
				MTL_FAST_MATH = YES;
				SDKROOT = iphoneos;
				SWIFT_COMPILATION_MODE = wholemodule;
				SWIFT_OPTIMIZATION_LEVEL = "-O";
				VALIDATE_PRODUCT = YES;
			};
			name = Release;
		};
		4E980ACA297E543C0029C496 /* Debug */ = {
			isa = XCBuildConfiguration;
			baseConfigurationReference = 07E171744A254E4AEEEF0715 /* Pods-CleverTapCIDemo.debug.xcconfig */;
			buildSettings = {
				ASSETCATALOG_COMPILER_APPICON_NAME = AppIcon;
				ASSETCATALOG_COMPILER_GLOBAL_ACCENT_COLOR_NAME = AccentColor;
				CODE_SIGN_STYLE = Automatic;
				CURRENT_PROJECT_VERSION = 1;
				DEVELOPMENT_TEAM = A5J34NR598;
				GENERATE_INFOPLIST_FILE = YES;
				INFOPLIST_FILE = CleverTapCIDemo/Info.plist;
				INFOPLIST_KEY_UIApplicationSupportsIndirectInputEvents = YES;
				INFOPLIST_KEY_UILaunchStoryboardName = LaunchScreen;
				INFOPLIST_KEY_UIMainStoryboardFile = Main;
				INFOPLIST_KEY_UISupportedInterfaceOrientations_iPad = "UIInterfaceOrientationPortrait UIInterfaceOrientationPortraitUpsideDown UIInterfaceOrientationLandscapeLeft UIInterfaceOrientationLandscapeRight";
				INFOPLIST_KEY_UISupportedInterfaceOrientations_iPhone = "UIInterfaceOrientationPortrait UIInterfaceOrientationLandscapeLeft UIInterfaceOrientationLandscapeRight";
				LD_RUNPATH_SEARCH_PATHS = (
					"$(inherited)",
					"@executable_path/Frameworks",
				);
				MARKETING_VERSION = 1.0;
				PRODUCT_BUNDLE_IDENTIFIER = com.clevertap.CleverTapCIDemo;
				PRODUCT_NAME = "$(TARGET_NAME)";
				SWIFT_EMIT_LOC_STRINGS = YES;
				SWIFT_VERSION = 5.0;
				TARGETED_DEVICE_FAMILY = "1,2";
			};
			name = Debug;
		};
		4E980ACB297E543C0029C496 /* Release */ = {
			isa = XCBuildConfiguration;
			baseConfigurationReference = F8F1EC33CA0000EBAC9EF740 /* Pods-CleverTapCIDemo.release.xcconfig */;
			buildSettings = {
				ASSETCATALOG_COMPILER_APPICON_NAME = AppIcon;
				ASSETCATALOG_COMPILER_GLOBAL_ACCENT_COLOR_NAME = AccentColor;
				CODE_SIGN_STYLE = Automatic;
				CURRENT_PROJECT_VERSION = 1;
				DEVELOPMENT_TEAM = A5J34NR598;
				GENERATE_INFOPLIST_FILE = YES;
				INFOPLIST_FILE = CleverTapCIDemo/Info.plist;
				INFOPLIST_KEY_UIApplicationSupportsIndirectInputEvents = YES;
				INFOPLIST_KEY_UILaunchStoryboardName = LaunchScreen;
				INFOPLIST_KEY_UIMainStoryboardFile = Main;
				INFOPLIST_KEY_UISupportedInterfaceOrientations_iPad = "UIInterfaceOrientationPortrait UIInterfaceOrientationPortraitUpsideDown UIInterfaceOrientationLandscapeLeft UIInterfaceOrientationLandscapeRight";
				INFOPLIST_KEY_UISupportedInterfaceOrientations_iPhone = "UIInterfaceOrientationPortrait UIInterfaceOrientationLandscapeLeft UIInterfaceOrientationLandscapeRight";
				LD_RUNPATH_SEARCH_PATHS = (
					"$(inherited)",
					"@executable_path/Frameworks",
				);
				MARKETING_VERSION = 1.0;
				PRODUCT_BUNDLE_IDENTIFIER = com.clevertap.CleverTapCIDemo;
				PRODUCT_NAME = "$(TARGET_NAME)";
				SWIFT_EMIT_LOC_STRINGS = YES;
				SWIFT_VERSION = 5.0;
				TARGETED_DEVICE_FAMILY = "1,2";
			};
			name = Release;
		};
/* End XCBuildConfiguration section */

/* Begin XCConfigurationList section */
		4E2DE83D29938D4400180067 /* Build configuration list for PBXNativeTarget "CleverTapCIDemoTests" */ = {
			isa = XCConfigurationList;
			buildConfigurations = (
				4E2DE83B29938D4400180067 /* Debug */,
				4E2DE83C29938D4400180067 /* Release */,
			);
			defaultConfigurationIsVisible = 0;
			defaultConfigurationName = Release;
		};
		4E980AB0297E543B0029C496 /* Build configuration list for PBXProject "CleverTapCIDemo" */ = {
			isa = XCConfigurationList;
			buildConfigurations = (
				4E980AC7297E543C0029C496 /* Debug */,
				4E980AC8297E543C0029C496 /* Release */,
			);
			defaultConfigurationIsVisible = 0;
			defaultConfigurationName = Release;
		};
		4E980AC9297E543C0029C496 /* Build configuration list for PBXNativeTarget "CleverTapCIDemo" */ = {
			isa = XCConfigurationList;
			buildConfigurations = (
				4E980ACA297E543C0029C496 /* Debug */,
				4E980ACB297E543C0029C496 /* Release */,
			);
			defaultConfigurationIsVisible = 0;
			defaultConfigurationName = Release;
		};
/* End XCConfigurationList section */
	};
	rootObject = 4E980AAD297E543B0029C496 /* Project object */;
}
